<?xml version="1.0" encoding="UTF-8" standalone="yes" ?>
<CodeBlocks_project_file>
	<FileVersion major="1" minor="6" />
	<Project>
		<Option title="IP_Derivare" />
		<Option pch_mode="2" />
		<Option compiler="gcc" />
		<Build>
			<Target title="Debug">
				<Option output="bin/Debug/IP_Derivare" prefix_auto="1" extension_auto="1" />
				<Option object_output="obj/Debug/" />
				<Option type="1" />
				<Option compiler="gcc" />
				<Compiler>
					<Add option="-g" />
				</Compiler>
			</Target>
			<Target title="Release">
				<Option output="bin/Release/IP_Derivare" prefix_auto="1" extension_auto="1" />
				<Option object_output="obj/Release/" />
				<Option type="1" />
				<Option compiler="gcc" />
				<Compiler>
					<Add option="-O2" />
				</Compiler>
				<Linker>
					<Add option="-s" />
				</Linker>
			</Target>
		</Build>
		<Compiler>
			<Add option="-Wall" />
			<Add option="-fexceptions" />
		</Compiler>
		<Unit filename="CreareArboreSintaxa.cpp">
			<Option target="&lt;{~None~}&gt;" />
		</Unit>
		<Unit filename="CreareArboreSintaxa.h">
			<Option target="&lt;{~None~}&gt;" />
		</Unit>
		<Unit filename="DetectareFunctii+PrioritatiFunctii.cpp">
			<Option target="&lt;{~None~}&gt;" />
		</Unit>
		<Unit filename="DetectareFunctii+PrioritatiFunctii.h">
			<Option target="&lt;{~None~}&gt;" />
		</Unit>
		<Unit filename="Functii_De_Derivare.cpp">
			<Option target="&lt;{~None~}&gt;" />
		</Unit>
		<Unit filename="Functii_De_Derivare.h">
			<Option target="&lt;{~None~}&gt;" />
		</Unit>
		<Unit filename="Simplificari.cpp">
			<Option target="&lt;{~None~}&gt;" />
		</Unit>
		<Unit filename="Simplificari.h">
			<Option target="&lt;{~None~}&gt;" />
		</Unit>
		<Unit filename="Structuri.h">
			<Option target="&lt;{~None~}&gt;" />
		</Unit>
		<Unit filename="Transformare_Din_Inordine_In_Postordine.cpp">
			<Option target="&lt;{~None~}&gt;" />
		</Unit>
		<Unit filename="Transformare_Din_Inordine_In_Postordine.h">
			<Option target="&lt;{~None~}&gt;" />
		</Unit>
		<Unit filename="Transformare_Din_Postordine_In_Inordine.cpp">
			<Option target="&lt;{~None~}&gt;" />
		</Unit>
		<Unit filename="Transformare_Din_Postordine_In_Inordine.h">
			<Option target="&lt;{~None~}&gt;" />
		</Unit>
		<Unit filename="Verificare_Erori.cpp">
			<Option target="&lt;{~None~}&gt;" />
		</Unit>
		<Unit filename="Verificare_Erori.h">
			<Option target="&lt;{~None~}&gt;" />
		</Unit>
		<Unit filename="conversie.cpp">
			<Option target="&lt;{~None~}&gt;" />
		</Unit>
		<Unit filename="conversie.h">
			<Option target="&lt;{~None~}&gt;" />
		</Unit>
		<Unit filename="exempu.cpp">
			<Option target="&lt;{~None~}&gt;" />
		</Unit>
		<Unit filename="grafica.cpp">
			<Option target="&lt;{~None~}&gt;" />
		</Unit>
		<Unit filename="grafica.h">
			<Option target="&lt;{~None~}&gt;" />
		</Unit>
		<Unit filename="main.cpp" />
		<Unit filename="xe.h">
			<Option target="&lt;{~None~}&gt;" />
		</Unit>
		<Extensions>
			<lib_finder disable_auto="1" />
		</Extensions>
	</Project>
</CodeBlocks_project_file>
